
Microsoft Visual Studio Solution File, Format Version 12.00
# Visual Studio Version 17
VisualStudioVersion = 17.0.31314.256
MinimumVisualStudioVersion = 10.0.40219.1
Project("{2150E333-8FDC-42A3-9474-1A3956D46DE8}") = "Automation", "Automation", "{0BFBE63A-B98A-3411-8EEB-8918FEC737B3}"
EndProject
Project("{2150E333-8FDC-42A3-9474-1A3956D46DE8}") = "Engine", "Engine", "{233774A8-CC9D-3FA9-86D1-90573E92B704}"
EndProject
Project("{2150E333-8FDC-42A3-9474-1A3956D46DE8}") = "Games", "Games", "{DE1F8B53-6C02-3C13-9101-A7C8D96F3FF6}"
EndProject
Project("{2150E333-8FDC-42A3-9474-1A3956D46DE8}") = "Programs", "Programs", "{A338B9E2-A559-34BE-A46D-F789DD488FAD}"
EndProject
Project("{2150E333-8FDC-42A3-9474-1A3956D46DE8}") = "Rules", "Rules", "{C2F57ECE-B26F-39D8-BDA7-C1D40BD8F180}"
EndProject
Project("{2150E333-8FDC-42A3-9474-1A3956D46DE8}") = "Shared", "Shared", "{57713676-9DBE-331C-AD10-26632AC9EE0C}"
EndProject
Project("{2150E333-8FDC-42A3-9474-1A3956D46DE8}") = "UnLuaDefaultParamCollectorUbtPlugin", "UnLuaDefaultParamCollectorUbtPlugin", "{A6C25F74-E2DF-392C-9C27-8ED8A64821D5}"
EndProject
Project("{2150E333-8FDC-42A3-9474-1A3956D46DE8}") = "UnrealBuildTool.Plugins", "UnrealBuildTool.Plugins", "{7B5CFB44-F0FB-31DF-AE62-C3C096A29A7B}"
EndProject
Project("{8BC9CEB8-8B4A-11D0-8D11-00A0C91BC942}") = "UE5", "Intermediate\ProjectFiles\UE5.vcxproj", "{A37E8B86-0692-3383-A5C9-9E0C71252C8E}"
EndProject
Project("{8BC9CEB8-8B4A-11D0-8D11-00A0C91BC942}") = "Aura", "Intermediate\ProjectFiles\Aura.vcxproj", "{D00F0A75-DDBB-30B3-A8FF-F03E64C133D0}"
	ProjectSection(ProjectDependencies) = postProject
		{7DBCEB3C-AB9A-3606-8B73-148D4903D035} = {7DBCEB3C-AB9A-3606-8B73-148D4903D035}
	EndProjectSection
EndProject
Project("{FAE04EC0-301F-11D3-BF4B-00C04F79EFBC}") = "UnrealBuildTool", "..\..\UEEngine\UE_5.3\Engine\Source\Programs\UnrealBuildTool\UnrealBuildTool.csproj", "{7DBCEB3C-AB9A-3606-8B73-148D4903D035}"
EndProject
Project("{FAE04EC0-301F-11D3-BF4B-00C04F79EFBC}") = "AutomationTool", "..\..\UEEngine\UE_5.3\Engine\Source\Programs\AutomationTool\AutomationTool.csproj", "{2B119BBD-35B5-3A6A-984E-38F8481F8A6C}"
EndProject
Project("{FAE04EC0-301F-11D3-BF4B-00C04F79EFBC}") = "Android.Automation", "..\..\UEEngine\UE_5.3\Engine\Source\Programs\AutomationTool\Android\Android.Automation.csproj", "{6C26E995-140A-327E-A38F-393F58F5D66C}"
EndProject
Project("{FAE04EC0-301F-11D3-BF4B-00C04F79EFBC}") = "Apple.Automation", "..\..\UEEngine\UE_5.3\Engine\Source\Programs\AutomationTool\Apple\Apple.Automation.csproj", "{2CF16B00-25FE-3502-8C32-8238F6EDE03D}"
EndProject
Project("{FAE04EC0-301F-11D3-BF4B-00C04F79EFBC}") = "AutomationUtils.Automation", "..\..\UEEngine\UE_5.3\Engine\Source\Programs\AutomationTool\AutomationUtils\AutomationUtils.Automation.csproj", "{9A4C0C44-6212-35FF-A372-718AB55EDE3A}"
EndProject
Project("{FAE04EC0-301F-11D3-BF4B-00C04F79EFBC}") = "BuildGraph.Automation", "..\..\UEEngine\UE_5.3\Engine\Source\Programs\AutomationTool\BuildGraph\BuildGraph.Automation.csproj", "{A939C98B-45D0-365F-A80E-0BF6E6BB91B9}"
EndProject
Project("{FAE04EC0-301F-11D3-BF4B-00C04F79EFBC}") = "CookedEditor.Automation", "..\..\UEEngine\UE_5.3\Engine\Source\Programs\AutomationTool\CookedEditor\CookedEditor.Automation.csproj", "{59D8C50D-1D3D-398F-92A5-C44B6B4D3394}"
EndProject
Project("{FAE04EC0-301F-11D3-BF4B-00C04F79EFBC}") = "CrowdinLocalization.Automation", "..\..\UEEngine\UE_5.3\Engine\Source\Programs\AutomationTool\CrowdinLocalization\CrowdinLocalization.Automation.csproj", "{F7DDC61E-BD1F-3EB3-9DD9-98F35CBE054C}"
EndProject
Project("{FAE04EC0-301F-11D3-BF4B-00C04F79EFBC}") = "Gauntlet.Automation", "..\..\UEEngine\UE_5.3\Engine\Source\Programs\AutomationTool\Gauntlet\Gauntlet.Automation.csproj", "{BA91B2F9-B0B9-3A68-B8EA-F75C02BB6BB9}"
EndProject
Project("{FAE04EC0-301F-11D3-BF4B-00C04F79EFBC}") = "IOS.Automation", "..\..\UEEngine\UE_5.3\Engine\Source\Programs\AutomationTool\IOS\IOS.Automation.csproj", "{07BABA0E-1FB3-31BC-B9B6-BBF5DEF6B775}"
EndProject
Project("{FAE04EC0-301F-11D3-BF4B-00C04F79EFBC}") = "Linux.Automation", "..\..\UEEngine\UE_5.3\Engine\Source\Programs\AutomationTool\Linux\Linux.Automation.csproj", "{B90E289D-DC44-3C47-963E-3AEB22DF4DBF}"
EndProject
Project("{FAE04EC0-301F-11D3-BF4B-00C04F79EFBC}") = "Localization.Automation", "..\..\UEEngine\UE_5.3\Engine\Source\Programs\AutomationTool\Localization\Localization.Automation.csproj", "{EFBA6414-93E9-3D0C-A9AE-32EA27F8CDE4}"
EndProject
Project("{FAE04EC0-301F-11D3-BF4B-00C04F79EFBC}") = "LowLevelTests.Automation", "..\..\UEEngine\UE_5.3\Engine\Source\Programs\AutomationTool\LowLevelTests\LowLevelTests.Automation.csproj", "{C230CCDA-36AB-31EC-9CA6-8977ECE819B2}"
EndProject
Project("{FAE04EC0-301F-11D3-BF4B-00C04F79EFBC}") = "Mac.Automation", "..\..\UEEngine\UE_5.3\Engine\Source\Programs\AutomationTool\Mac\Mac.Automation.csproj", "{EA915076-9166-3A45-96B4-DE080D5E67DD}"
EndProject
Project("{FAE04EC0-301F-11D3-BF4B-00C04F79EFBC}") = "OneSkyLocalization.Automation", "..\..\UEEngine\UE_5.3\Engine\Source\Programs\AutomationTool\OneSkyLocalization\OneSkyLocalization.Automation.csproj", "{D426346B-2C88-325C-A9F3-40B7F86B1FA3}"
EndProject
Project("{FAE04EC0-301F-11D3-BF4B-00C04F79EFBC}") = "AutomationScripts.Automation", "..\..\UEEngine\UE_5.3\Engine\Source\Programs\AutomationTool\Scripts\AutomationScripts.Automation.csproj", "{1E0E64A8-16AB-3415-9A3D-E4BE1BB7B5C9}"
EndProject
Project("{FAE04EC0-301F-11D3-BF4B-00C04F79EFBC}") = "SmartlingLocalization.Automation", "..\..\UEEngine\UE_5.3\Engine\Source\Programs\AutomationTool\SmartlingLocalization\SmartlingLocalization.Automation.csproj", "{60185E5E-5A6F-309F-8824-FE3F1F915236}"
EndProject
Project("{FAE04EC0-301F-11D3-BF4B-00C04F79EFBC}") = "SteamDeck.Automation", "..\..\UEEngine\UE_5.3\Engine\Source\Programs\AutomationTool\SteamDeck\SteamDeck.Automation.csproj", "{E4A199BF-1C20-3109-B9E8-AD6ED2F239C9}"
EndProject
Project("{FAE04EC0-301F-11D3-BF4B-00C04F79EFBC}") = "TVOS.Automation", "..\..\UEEngine\UE_5.3\Engine\Source\Programs\AutomationTool\TVOS\TVOS.Automation.csproj", "{370F89B5-BC8F-3458-ADA7-3BDB6523DD82}"
EndProject
Project("{FAE04EC0-301F-11D3-BF4B-00C04F79EFBC}") = "Turnkey.Automation", "..\..\UEEngine\UE_5.3\Engine\Source\Programs\AutomationTool\Turnkey\Turnkey.Automation.csproj", "{521A47D5-F2C4-386A-94AD-AA39DFB4B2B5}"
EndProject
Project("{FAE04EC0-301F-11D3-BF4B-00C04F79EFBC}") = "Win.Automation", "..\..\UEEngine\UE_5.3\Engine\Source\Programs\AutomationTool\Win\Win.Automation.csproj", "{60F3A6EC-D881-38F9-8949-BA10BE4BF111}"
EndProject
Project("{FAE04EC0-301F-11D3-BF4B-00C04F79EFBC}") = "XLocLocalization.Automation", "..\..\UEEngine\UE_5.3\Engine\Source\Programs\AutomationTool\XLocLocalization\XLocLocalization.Automation.csproj", "{4882A744-9615-3DC2-93BA-48F5B6D78D84}"
EndProject
Project("{FAE04EC0-301F-11D3-BF4B-00C04F79EFBC}") = "ScriptGeneratorUbtPlugin.ubtplugin", "..\..\UEEngine\UE_5.3\Engine\Plugins\ScriptPlugin\Source\ScriptGeneratorUbtPlugin\ScriptGeneratorUbtPlugin.ubtplugin.csproj", "{F030CFA6-09D8-3488-8D3E-C28116F18723}"
EndProject
Project("{FAE04EC0-301F-11D3-BF4B-00C04F79EFBC}") = "UnLuaDefaultParamCollectorUbtPlugin.ubtplugin", "Plugins\UnLua\Source\UnLuaDefaultParamCollectorUbtPlugin\UnLuaDefaultParamCollectorUbtPlugin.ubtplugin.csproj", "{2D81F29A-E7C5-3B35-BBD7-58F987DE7E4E}"
EndProject
Project("{FAE04EC0-301F-11D3-BF4B-00C04F79EFBC}") = "EpicGames.AspNet", "..\..\UEEngine\UE_5.3\Engine\Source\Programs\Shared\EpicGames.AspNet\EpicGames.AspNet.csproj", "{D2ED3BDD-0EBE-37B0-AE99-753642DC13EE}"
EndProject
Project("{FAE04EC0-301F-11D3-BF4B-00C04F79EFBC}") = "EpicGames.Box", "..\..\UEEngine\UE_5.3\Engine\Source\Programs\Shared\EpicGames.Box\EpicGames.Box.csproj", "{F8333514-FFF4-32E5-AF69-801EDAB2F133}"
EndProject
Project("{FAE04EC0-301F-11D3-BF4B-00C04F79EFBC}") = "EpicGames.Build", "..\..\UEEngine\UE_5.3\Engine\Source\Programs\Shared\EpicGames.Build\EpicGames.Build.csproj", "{B97A97B0-8643-3D2D-9155-947944D0E77A}"
EndProject
Project("{FAE04EC0-301F-11D3-BF4B-00C04F79EFBC}") = "EpicGames.BuildGraph", "..\..\UEEngine\UE_5.3\Engine\Source\Programs\Shared\EpicGames.BuildGraph\EpicGames.BuildGraph.csproj", "{84B1F0D6-819E-30F9-8B6E-2EF225B1DCD8}"
EndProject
Project("{FAE04EC0-301F-11D3-BF4B-00C04F79EFBC}") = "EpicGames.Core", "..\..\UEEngine\UE_5.3\Engine\Source\Programs\Shared\EpicGames.Core\EpicGames.Core.csproj", "{EE91E268-E49F-3652-9437-F6E1D774C1B8}"
EndProject
Project("{FAE04EC0-301F-11D3-BF4B-00C04F79EFBC}") = "EpicGames.Horde", "..\..\UEEngine\UE_5.3\Engine\Source\Programs\Shared\EpicGames.Horde\EpicGames.Horde.csproj", "{9B03C3E8-1978-36E4-A115-CAADEE20801D}"
EndProject
Project("{FAE04EC0-301F-11D3-BF4B-00C04F79EFBC}") = "EpicGames.IoHash", "..\..\UEEngine\UE_5.3\Engine\Source\Programs\Shared\EpicGames.IoHash\EpicGames.IoHash.csproj", "{74A822B4-E1ED-37EE-B52D-5D62504C4C3F}"
EndProject
Project("{FAE04EC0-301F-11D3-BF4B-00C04F79EFBC}") = "EpicGames.Jupiter", "..\..\UEEngine\UE_5.3\Engine\Source\Programs\Shared\EpicGames.Jupiter\EpicGames.Jupiter.csproj", "{004668C9-BB00-33AD-B9DB-EE60AEBD6384}"
EndProject
Project("{FAE04EC0-301F-11D3-BF4B-00C04F79EFBC}") = "EpicGames.MongoDB", "..\..\UEEngine\UE_5.3\Engine\Source\Programs\Shared\EpicGames.MongoDB\EpicGames.MongoDB.csproj", "{D19B928B-F70F-30EF-92A1-3046197DC718}"
EndProject
Project("{FAE04EC0-301F-11D3-BF4B-00C04F79EFBC}") = "EpicGames.MsBuild", "..\..\UEEngine\UE_5.3\Engine\Source\Programs\Shared\EpicGames.MsBuild\EpicGames.MsBuild.csproj", "{8D145BBB-53A6-3B2B-BB28-A2B05C10B23E}"
EndProject
Project("{FAE04EC0-301F-11D3-BF4B-00C04F79EFBC}") = "EpicGames.OIDC", "..\..\UEEngine\UE_5.3\Engine\Source\Programs\Shared\EpicGames.OIDC\EpicGames.OIDC.csproj", "{B87ABBF9-126D-34ED-852B-CF22FEA6FD4A}"
EndProject
Project("{FAE04EC0-301F-11D3-BF4B-00C04F79EFBC}") = "EpicGames.Oodle", "..\..\UEEngine\UE_5.3\Engine\Source\Programs\Shared\EpicGames.Oodle\EpicGames.Oodle.csproj", "{96648375-2724-3756-9B2C-2F480A7F1925}"
EndProject
Project("{FAE04EC0-301F-11D3-BF4B-00C04F79EFBC}") = "EpicGames.Perforce", "..\..\UEEngine\UE_5.3\Engine\Source\Programs\Shared\EpicGames.Perforce\EpicGames.Perforce.csproj", "{C3C8C3F6-D279-3C8B-A420-89D25CC25781}"
EndProject
Project("{FAE04EC0-301F-11D3-BF4B-00C04F79EFBC}") = "EpicGames.Perforce.Fixture", "..\..\UEEngine\UE_5.3\Engine\Source\Programs\Shared\EpicGames.Perforce.Fixture\EpicGames.Perforce.Fixture.csproj", "{57DC857F-8C6B-3BFC-80F9-E1B7E5EF5E5F}"
EndProject
Project("{FAE04EC0-301F-11D3-BF4B-00C04F79EFBC}") = "EpicGames.Perforce.Managed", "..\..\UEEngine\UE_5.3\Engine\Source\Programs\Shared\EpicGames.Perforce.Managed\EpicGames.Perforce.Managed.csproj", "{348B6679-A7CE-3E54-B7FA-B75C4C320CD7}"
EndProject
Project("{FAE04EC0-301F-11D3-BF4B-00C04F79EFBC}") = "EpicGames.Redis", "..\..\UEEngine\UE_5.3\Engine\Source\Programs\Shared\EpicGames.Redis\EpicGames.Redis.csproj", "{89DDB577-0B43-3BF9-A102-7E23DF1E3748}"
EndProject
Project("{FAE04EC0-301F-11D3-BF4B-00C04F79EFBC}") = "EpicGames.Serialization", "..\..\UEEngine\UE_5.3\Engine\Source\Programs\Shared\EpicGames.Serialization\EpicGames.Serialization.csproj", "{5641443F-B7E8-3402-BB20-30EA95DB73BF}"
EndProject
Project("{FAE04EC0-301F-11D3-BF4B-00C04F79EFBC}") = "EpicGames.Slack", "..\..\UEEngine\UE_5.3\Engine\Source\Programs\Shared\EpicGames.Slack\EpicGames.Slack.csproj", "{5EBA75AB-CADF-3F64-B4F3-88BB1CA736E4}"
EndProject
Project("{FAE04EC0-301F-11D3-BF4B-00C04F79EFBC}") = "EpicGames.Tracing", "..\..\UEEngine\UE_5.3\Engine\Source\Programs\Shared\EpicGames.Tracing\EpicGames.Tracing.csproj", "{3188FE4C-3173-3347-9730-152994D518B8}"
EndProject
Project("{FAE04EC0-301F-11D3-BF4B-00C04F79EFBC}") = "EpicGames.UHT", "..\..\UEEngine\UE_5.3\Engine\Source\Programs\Shared\EpicGames.UHT\EpicGames.UHT.csproj", "{248E49E6-1A56-3F76-9F13-C04678AA2736}"
EndProject
Project("{FAE04EC0-301F-11D3-BF4B-00C04F79EFBC}") = "MarketplaceRules", "..\..\UEEngine\UE_5.3\Engine\Intermediate\Build\BuildRulesProjects\MarketplaceRules\MarketplaceRules.csproj", "{C0B31940-0A65-3EA5-AC90-C1E3E9ACC8EE}"
EndProject
Project("{FAE04EC0-301F-11D3-BF4B-00C04F79EFBC}") = "UE5ProgramRules", "..\..\UEEngine\UE_5.3\Engine\Intermediate\Build\BuildRulesProjects\UE5ProgramRules\UE5ProgramRules.csproj", "{A59129D6-80A3-3F0E-8385-7D974E505639}"
EndProject
Project("{FAE04EC0-301F-11D3-BF4B-00C04F79EFBC}") = "UE5Rules", "..\..\UEEngine\UE_5.3\Engine\Intermediate\Build\BuildRulesProjects\UE5Rules\UE5Rules.csproj", "{2E54A7F8-B4C7-3DD8-AD9A-67E04040ADA0}"
EndProject
Project("{FAE04EC0-301F-11D3-BF4B-00C04F79EFBC}") = "AuraModuleRules", "Intermediate\Build\BuildRulesProjects\AuraModuleRules\AuraModuleRules.csproj", "{0D77972B-6758-3BB2-80FC-48E51B11A43F}"
EndProject
Project("{2150E333-8FDC-42A3-9474-1A3956D46DE8}") = "Visualizers", "Visualizers", "{1CCEC849-CC72-4C59-8C36-2F7C38706D4C}"
	ProjectSection(SolutionItems) = preProject
		..\..\UEEngine\UE_5.3\Engine\Extras\VisualStudioDebugging\Unreal.natvis = ..\..\UEEngine\UE_5.3\Engine\Extras\VisualStudioDebugging\Unreal.natvis
		..\..\UEEngine\UE_5.3\Engine\Extras\VisualStudioDebugging\Unreal.natstepfilter = ..\..\UEEngine\UE_5.3\Engine\Extras\VisualStudioDebugging\Unreal.natstepfilter
	EndProjectSection
EndProject
Global
	GlobalSection(SolutionConfigurationPlatforms) = preSolution
		DebugGame Editor|Win64 = DebugGame Editor|Win64
		DebugGame|Win64 = DebugGame|Win64
		Development Editor|Win64 = Development Editor|Win64
		Development|Win64 = Development|Win64
		Shipping|Win64 = Shipping|Win64
	EndGlobalSection
	# UnrealVS Section
	GlobalSection(ddbf523f-7eb6-4887-bd51-85a714ff87eb) = preSolution
		AvailablePlatforms=Win64
	EndGlobalSection
	GlobalSection(ProjectConfigurationPlatforms) = postSolution
		{A37E8B86-0692-3383-A5C9-9E0C71252C8E}.DebugGame Editor|Win64.ActiveCfg = BuiltWithUnrealBuildTool|Win64
		{A37E8B86-0692-3383-A5C9-9E0C71252C8E}.DebugGame|Win64.ActiveCfg = BuiltWithUnrealBuildTool|Win64
		{A37E8B86-0692-3383-A5C9-9E0C71252C8E}.Development Editor|Win64.ActiveCfg = BuiltWithUnrealBuildTool|Win64
		{A37E8B86-0692-3383-A5C9-9E0C71252C8E}.Development|Win64.ActiveCfg = BuiltWithUnrealBuildTool|Win64
		{A37E8B86-0692-3383-A5C9-9E0C71252C8E}.Shipping|Win64.ActiveCfg = BuiltWithUnrealBuildTool|Win64
		{D00F0A75-DDBB-30B3-A8FF-F03E64C133D0}.DebugGame Editor|Win64.ActiveCfg = DebugGame_Editor|x64
		{D00F0A75-DDBB-30B3-A8FF-F03E64C133D0}.DebugGame Editor|Win64.Build.0 = DebugGame_Editor|x64
		{D00F0A75-DDBB-30B3-A8FF-F03E64C133D0}.DebugGame|Win64.ActiveCfg = DebugGame|x64
		{D00F0A75-DDBB-30B3-A8FF-F03E64C133D0}.DebugGame|Win64.Build.0 = DebugGame|x64
		{D00F0A75-DDBB-30B3-A8FF-F03E64C133D0}.Development Editor|Win64.ActiveCfg = Development_Editor|x64
		{D00F0A75-DDBB-30B3-A8FF-F03E64C133D0}.Development Editor|Win64.Build.0 = Development_Editor|x64
		{D00F0A75-DDBB-30B3-A8FF-F03E64C133D0}.Development|Win64.ActiveCfg = Development|x64
		{D00F0A75-DDBB-30B3-A8FF-F03E64C133D0}.Development|Win64.Build.0 = Development|x64
		{D00F0A75-DDBB-30B3-A8FF-F03E64C133D0}.Shipping|Win64.ActiveCfg = Shipping|x64
		{D00F0A75-DDBB-30B3-A8FF-F03E64C133D0}.Shipping|Win64.Build.0 = Shipping|x64
		{7DBCEB3C-AB9A-3606-8B73-148D4903D035}.DebugGame Editor|Win64.ActiveCfg = Development|Any CPU
		{7DBCEB3C-AB9A-3606-8B73-148D4903D035}.DebugGame Editor|Win64.Build.0 = Development|Any CPU
		{7DBCEB3C-AB9A-3606-8B73-148D4903D035}.DebugGame|Win64.ActiveCfg = Development|Any CPU
		{7DBCEB3C-AB9A-3606-8B73-148D4903D035}.DebugGame|Win64.Build.0 = Development|Any CPU
		{7DBCEB3C-AB9A-3606-8B73-148D4903D035}.Development Editor|Win64.ActiveCfg = Development|Any CPU
		{7DBCEB3C-AB9A-3606-8B73-148D4903D035}.Development Editor|Win64.Build.0 = Development|Any CPU
		{7DBCEB3C-AB9A-3606-8B73-148D4903D035}.Development|Win64.ActiveCfg = Development|Any CPU
		{7DBCEB3C-AB9A-3606-8B73-148D4903D035}.Development|Win64.Build.0 = Development|Any CPU
		{7DBCEB3C-AB9A-3606-8B73-148D4903D035}.Shipping|Win64.ActiveCfg = Development|Any CPU
		{7DBCEB3C-AB9A-3606-8B73-148D4903D035}.Shipping|Win64.Build.0 = Development|Any CPU
		{2B119BBD-35B5-3A6A-984E-38F8481F8A6C}.DebugGame Editor|Win64.ActiveCfg = Development|Any CPU
		{2B119BBD-35B5-3A6A-984E-38F8481F8A6C}.DebugGame Editor|Win64.Build.0 = Development|Any CPU
		{2B119BBD-35B5-3A6A-984E-38F8481F8A6C}.DebugGame|Win64.ActiveCfg = Development|Any CPU
		{2B119BBD-35B5-3A6A-984E-38F8481F8A6C}.DebugGame|Win64.Build.0 = Development|Any CPU
		{2B119BBD-35B5-3A6A-984E-38F8481F8A6C}.Development Editor|Win64.ActiveCfg = Development|Any CPU
		{2B119BBD-35B5-3A6A-984E-38F8481F8A6C}.Development Editor|Win64.Build.0 = Development|Any CPU
		{2B119BBD-35B5-3A6A-984E-38F8481F8A6C}.Development|Win64.ActiveCfg = Development|Any CPU
		{2B119BBD-35B5-3A6A-984E-38F8481F8A6C}.Development|Win64.Build.0 = Development|Any CPU
		{2B119BBD-35B5-3A6A-984E-38F8481F8A6C}.Shipping|Win64.ActiveCfg = Development|Any CPU
		{2B119BBD-35B5-3A6A-984E-38F8481F8A6C}.Shipping|Win64.Build.0 = Development|Any CPU
		{6C26E995-140A-327E-A38F-393F58F5D66C}.DebugGame Editor|Win64.ActiveCfg = Development|Any CPU
		{6C26E995-140A-327E-A38F-393F58F5D66C}.DebugGame Editor|Win64.Build.0 = Development|Any CPU
		{6C26E995-140A-327E-A38F-393F58F5D66C}.DebugGame|Win64.ActiveCfg = Development|Any CPU
		{6C26E995-140A-327E-A38F-393F58F5D66C}.DebugGame|Win64.Build.0 = Development|Any CPU
		{6C26E995-140A-327E-A38F-393F58F5D66C}.Development Editor|Win64.ActiveCfg = Development|Any CPU
		{6C26E995-140A-327E-A38F-393F58F5D66C}.Development Editor|Win64.Build.0 = Development|Any CPU
		{6C26E995-140A-327E-A38F-393F58F5D66C}.Development|Win64.ActiveCfg = Development|Any CPU
		{6C26E995-140A-327E-A38F-393F58F5D66C}.Development|Win64.Build.0 = Development|Any CPU
		{6C26E995-140A-327E-A38F-393F58F5D66C}.Shipping|Win64.ActiveCfg = Development|Any CPU
		{6C26E995-140A-327E-A38F-393F58F5D66C}.Shipping|Win64.Build.0 = Development|Any CPU
		{2CF16B00-25FE-3502-8C32-8238F6EDE03D}.DebugGame Editor|Win64.ActiveCfg = Development|Any CPU
		{2CF16B00-25FE-3502-8C32-8238F6EDE03D}.DebugGame Editor|Win64.Build.0 = Development|Any CPU
		{2CF16B00-25FE-3502-8C32-8238F6EDE03D}.DebugGame|Win64.ActiveCfg = Development|Any CPU
		{2CF16B00-25FE-3502-8C32-8238F6EDE03D}.DebugGame|Win64.Build.0 = Development|Any CPU
		{2CF16B00-25FE-3502-8C32-8238F6EDE03D}.Development Editor|Win64.ActiveCfg = Development|Any CPU
		{2CF16B00-25FE-3502-8C32-8238F6EDE03D}.Development Editor|Win64.Build.0 = Development|Any CPU
		{2CF16B00-25FE-3502-8C32-8238F6EDE03D}.Development|Win64.ActiveCfg = Development|Any CPU
		{2CF16B00-25FE-3502-8C32-8238F6EDE03D}.Development|Win64.Build.0 = Development|Any CPU
		{2CF16B00-25FE-3502-8C32-8238F6EDE03D}.Shipping|Win64.ActiveCfg = Development|Any CPU
		{2CF16B00-25FE-3502-8C32-8238F6EDE03D}.Shipping|Win64.Build.0 = Development|Any CPU
		{9A4C0C44-6212-35FF-A372-718AB55EDE3A}.DebugGame Editor|Win64.ActiveCfg = Development|Any CPU
		{9A4C0C44-6212-35FF-A372-718AB55EDE3A}.DebugGame Editor|Win64.Build.0 = Development|Any CPU
		{9A4C0C44-6212-35FF-A372-718AB55EDE3A}.DebugGame|Win64.ActiveCfg = Development|Any CPU
		{9A4C0C44-6212-35FF-A372-718AB55EDE3A}.DebugGame|Win64.Build.0 = Development|Any CPU
		{9A4C0C44-6212-35FF-A372-718AB55EDE3A}.Development Editor|Win64.ActiveCfg = Development|Any CPU
		{9A4C0C44-6212-35FF-A372-718AB55EDE3A}.Development Editor|Win64.Build.0 = Development|Any CPU
		{9A4C0C44-6212-35FF-A372-718AB55EDE3A}.Development|Win64.ActiveCfg = Development|Any CPU
		{9A4C0C44-6212-35FF-A372-718AB55EDE3A}.Development|Win64.Build.0 = Development|Any CPU
		{9A4C0C44-6212-35FF-A372-718AB55EDE3A}.Shipping|Win64.ActiveCfg = Development|Any CPU
		{9A4C0C44-6212-35FF-A372-718AB55EDE3A}.Shipping|Win64.Build.0 = Development|Any CPU
		{A939C98B-45D0-365F-A80E-0BF6E6BB91B9}.DebugGame Editor|Win64.ActiveCfg = Development|Any CPU
		{A939C98B-45D0-365F-A80E-0BF6E6BB91B9}.DebugGame Editor|Win64.Build.0 = Development|Any CPU
		{A939C98B-45D0-365F-A80E-0BF6E6BB91B9}.DebugGame|Win64.ActiveCfg = Development|Any CPU
		{A939C98B-45D0-365F-A80E-0BF6E6BB91B9}.DebugGame|Win64.Build.0 = Development|Any CPU
		{A939C98B-45D0-365F-A80E-0BF6E6BB91B9}.Development Editor|Win64.ActiveCfg = Development|Any CPU
		{A939C98B-45D0-365F-A80E-0BF6E6BB91B9}.Development Editor|Win64.Build.0 = Development|Any CPU
		{A939C98B-45D0-365F-A80E-0BF6E6BB91B9}.Development|Win64.ActiveCfg = Development|Any CPU
		{A939C98B-45D0-365F-A80E-0BF6E6BB91B9}.Development|Win64.Build.0 = Development|Any CPU
		{A939C98B-45D0-365F-A80E-0BF6E6BB91B9}.Shipping|Win64.ActiveCfg = Development|Any CPU
		{A939C98B-45D0-365F-A80E-0BF6E6BB91B9}.Shipping|Win64.Build.0 = Development|Any CPU
		{59D8C50D-1D3D-398F-92A5-C44B6B4D3394}.DebugGame Editor|Win64.ActiveCfg = Development|Any CPU
		{59D8C50D-1D3D-398F-92A5-C44B6B4D3394}.DebugGame Editor|Win64.Build.0 = Development|Any CPU
		{59D8C50D-1D3D-398F-92A5-C44B6B4D3394}.DebugGame|Win64.ActiveCfg = Development|Any CPU
		{59D8C50D-1D3D-398F-92A5-C44B6B4D3394}.DebugGame|Win64.Build.0 = Development|Any CPU
		{59D8C50D-1D3D-398F-92A5-C44B6B4D3394}.Development Editor|Win64.ActiveCfg = Development|Any CPU
		{59D8C50D-1D3D-398F-92A5-C44B6B4D3394}.Development Editor|Win64.Build.0 = Development|Any CPU
		{59D8C50D-1D3D-398F-92A5-C44B6B4D3394}.Development|Win64.ActiveCfg = Development|Any CPU
		{59D8C50D-1D3D-398F-92A5-C44B6B4D3394}.Development|Win64.Build.0 = Development|Any CPU
		{59D8C50D-1D3D-398F-92A5-C44B6B4D3394}.Shipping|Win64.ActiveCfg = Development|Any CPU
		{59D8C50D-1D3D-398F-92A5-C44B6B4D3394}.Shipping|Win64.Build.0 = Development|Any CPU
		{F7DDC61E-BD1F-3EB3-9DD9-98F35CBE054C}.DebugGame Editor|Win64.ActiveCfg = Development|Any CPU
		{F7DDC61E-BD1F-3EB3-9DD9-98F35CBE054C}.DebugGame Editor|Win64.Build.0 = Development|Any CPU
		{F7DDC61E-BD1F-3EB3-9DD9-98F35CBE054C}.DebugGame|Win64.ActiveCfg = Development|Any CPU
		{F7DDC61E-BD1F-3EB3-9DD9-98F35CBE054C}.DebugGame|Win64.Build.0 = Development|Any CPU
		{F7DDC61E-BD1F-3EB3-9DD9-98F35CBE054C}.Development Editor|Win64.ActiveCfg = Development|Any CPU
		{F7DDC61E-BD1F-3EB3-9DD9-98F35CBE054C}.Development Editor|Win64.Build.0 = Development|Any CPU
		{F7DDC61E-BD1F-3EB3-9DD9-98F35CBE054C}.Development|Win64.ActiveCfg = Development|Any CPU
		{F7DDC61E-BD1F-3EB3-9DD9-98F35CBE054C}.Development|Win64.Build.0 = Development|Any CPU
		{F7DDC61E-BD1F-3EB3-9DD9-98F35CBE054C}.Shipping|Win64.ActiveCfg = Development|Any CPU
		{F7DDC61E-BD1F-3EB3-9DD9-98F35CBE054C}.Shipping|Win64.Build.0 = Development|Any CPU
		{BA91B2F9-B0B9-3A68-B8EA-F75C02BB6BB9}.DebugGame Editor|Win64.ActiveCfg = Development|Any CPU
		{BA91B2F9-B0B9-3A68-B8EA-F75C02BB6BB9}.DebugGame Editor|Win64.Build.0 = Development|Any CPU
		{BA91B2F9-B0B9-3A68-B8EA-F75C02BB6BB9}.DebugGame|Win64.ActiveCfg = Development|Any CPU
		{BA91B2F9-B0B9-3A68-B8EA-F75C02BB6BB9}.DebugGame|Win64.Build.0 = Development|Any CPU
		{BA91B2F9-B0B9-3A68-B8EA-F75C02BB6BB9}.Development Editor|Win64.ActiveCfg = Development|Any CPU
		{BA91B2F9-B0B9-3A68-B8EA-F75C02BB6BB9}.Development Editor|Win64.Build.0 = Development|Any CPU
		{BA91B2F9-B0B9-3A68-B8EA-F75C02BB6BB9}.Development|Win64.ActiveCfg = Development|Any CPU
		{BA91B2F9-B0B9-3A68-B8EA-F75C02BB6BB9}.Development|Win64.Build.0 = Development|Any CPU
		{BA91B2F9-B0B9-3A68-B8EA-F75C02BB6BB9}.Shipping|Win64.ActiveCfg = Development|Any CPU
		{BA91B2F9-B0B9-3A68-B8EA-F75C02BB6BB9}.Shipping|Win64.Build.0 = Development|Any CPU
		{07BABA0E-1FB3-31BC-B9B6-BBF5DEF6B775}.DebugGame Editor|Win64.ActiveCfg = Development|Any CPU
		{07BABA0E-1FB3-31BC-B9B6-BBF5DEF6B775}.DebugGame Editor|Win64.Build.0 = Development|Any CPU
		{07BABA0E-1FB3-31BC-B9B6-BBF5DEF6B775}.DebugGame|Win64.ActiveCfg = Development|Any CPU
		{07BABA0E-1FB3-31BC-B9B6-BBF5DEF6B775}.DebugGame|Win64.Build.0 = Development|Any CPU
		{07BABA0E-1FB3-31BC-B9B6-BBF5DEF6B775}.Development Editor|Win64.ActiveCfg = Development|Any CPU
		{07BABA0E-1FB3-31BC-B9B6-BBF5DEF6B775}.Development Editor|Win64.Build.0 = Development|Any CPU
		{07BABA0E-1FB3-31BC-B9B6-BBF5DEF6B775}.Development|Win64.ActiveCfg = Development|Any CPU
		{07BABA0E-1FB3-31BC-B9B6-BBF5DEF6B775}.Development|Win64.Build.0 = Development|Any CPU
		{07BABA0E-1FB3-31BC-B9B6-BBF5DEF6B775}.Shipping|Win64.ActiveCfg = Development|Any CPU
		{07BABA0E-1FB3-31BC-B9B6-BBF5DEF6B775}.Shipping|Win64.Build.0 = Development|Any CPU
		{B90E289D-DC44-3C47-963E-3AEB22DF4DBF}.DebugGame Editor|Win64.ActiveCfg = Development|Any CPU
		{B90E289D-DC44-3C47-963E-3AEB22DF4DBF}.DebugGame Editor|Win64.Build.0 = Development|Any CPU
		{B90E289D-DC44-3C47-963E-3AEB22DF4DBF}.DebugGame|Win64.ActiveCfg = Development|Any CPU
		{B90E289D-DC44-3C47-963E-3AEB22DF4DBF}.DebugGame|Win64.Build.0 = Development|Any CPU
		{B90E289D-DC44-3C47-963E-3AEB22DF4DBF}.Development Editor|Win64.ActiveCfg = Development|Any CPU
		{B90E289D-DC44-3C47-963E-3AEB22DF4DBF}.Development Editor|Win64.Build.0 = Development|Any CPU
		{B90E289D-DC44-3C47-963E-3AEB22DF4DBF}.Development|Win64.ActiveCfg = Development|Any CPU
		{B90E289D-DC44-3C47-963E-3AEB22DF4DBF}.Development|Win64.Build.0 = Development|Any CPU
		{B90E289D-DC44-3C47-963E-3AEB22DF4DBF}.Shipping|Win64.ActiveCfg = Development|Any CPU
		{B90E289D-DC44-3C47-963E-3AEB22DF4DBF}.Shipping|Win64.Build.0 = Development|Any CPU
		{EFBA6414-93E9-3D0C-A9AE-32EA27F8CDE4}.DebugGame Editor|Win64.ActiveCfg = Development|Any CPU
		{EFBA6414-93E9-3D0C-A9AE-32EA27F8CDE4}.DebugGame Editor|Win64.Build.0 = Development|Any CPU
		{EFBA6414-93E9-3D0C-A9AE-32EA27F8CDE4}.DebugGame|Win64.ActiveCfg = Development|Any CPU
		{EFBA6414-93E9-3D0C-A9AE-32EA27F8CDE4}.DebugGame|Win64.Build.0 = Development|Any CPU
		{EFBA6414-93E9-3D0C-A9AE-32EA27F8CDE4}.Development Editor|Win64.ActiveCfg = Development|Any CPU
		{EFBA6414-93E9-3D0C-A9AE-32EA27F8CDE4}.Development Editor|Win64.Build.0 = Development|Any CPU
		{EFBA6414-93E9-3D0C-A9AE-32EA27F8CDE4}.Development|Win64.ActiveCfg = Development|Any CPU
		{EFBA6414-93E9-3D0C-A9AE-32EA27F8CDE4}.Development|Win64.Build.0 = Development|Any CPU
		{EFBA6414-93E9-3D0C-A9AE-32EA27F8CDE4}.Shipping|Win64.ActiveCfg = Development|Any CPU
		{EFBA6414-93E9-3D0C-A9AE-32EA27F8CDE4}.Shipping|Win64.Build.0 = Development|Any CPU
		{C230CCDA-36AB-31EC-9CA6-8977ECE819B2}.DebugGame Editor|Win64.ActiveCfg = Development|Any CPU
		{C230CCDA-36AB-31EC-9CA6-8977ECE819B2}.DebugGame Editor|Win64.Build.0 = Development|Any CPU
		{C230CCDA-36AB-31EC-9CA6-8977ECE819B2}.DebugGame|Win64.ActiveCfg = Development|Any CPU
		{C230CCDA-36AB-31EC-9CA6-8977ECE819B2}.DebugGame|Win64.Build.0 = Development|Any CPU
		{C230CCDA-36AB-31EC-9CA6-8977ECE819B2}.Development Editor|Win64.ActiveCfg = Development|Any CPU
		{C230CCDA-36AB-31EC-9CA6-8977ECE819B2}.Development Editor|Win64.Build.0 = Development|Any CPU
		{C230CCDA-36AB-31EC-9CA6-8977ECE819B2}.Development|Win64.ActiveCfg = Development|Any CPU
		{C230CCDA-36AB-31EC-9CA6-8977ECE819B2}.Development|Win64.Build.0 = Development|Any CPU
		{C230CCDA-36AB-31EC-9CA6-8977ECE819B2}.Shipping|Win64.ActiveCfg = Development|Any CPU
		{C230CCDA-36AB-31EC-9CA6-8977ECE819B2}.Shipping|Win64.Build.0 = Development|Any CPU
		{EA915076-9166-3A45-96B4-DE080D5E67DD}.DebugGame Editor|Win64.ActiveCfg = Development|Any CPU
		{EA915076-9166-3A45-96B4-DE080D5E67DD}.DebugGame Editor|Win64.Build.0 = Development|Any CPU
		{EA915076-9166-3A45-96B4-DE080D5E67DD}.DebugGame|Win64.ActiveCfg = Development|Any CPU
		{EA915076-9166-3A45-96B4-DE080D5E67DD}.DebugGame|Win64.Build.0 = Development|Any CPU
		{EA915076-9166-3A45-96B4-DE080D5E67DD}.Development Editor|Win64.ActiveCfg = Development|Any CPU
		{EA915076-9166-3A45-96B4-DE080D5E67DD}.Development Editor|Win64.Build.0 = Development|Any CPU
		{EA915076-9166-3A45-96B4-DE080D5E67DD}.Development|Win64.ActiveCfg = Development|Any CPU
		{EA915076-9166-3A45-96B4-DE080D5E67DD}.Development|Win64.Build.0 = Development|Any CPU
		{EA915076-9166-3A45-96B4-DE080D5E67DD}.Shipping|Win64.ActiveCfg = Development|Any CPU
		{EA915076-9166-3A45-96B4-DE080D5E67DD}.Shipping|Win64.Build.0 = Development|Any CPU
		{D426346B-2C88-325C-A9F3-40B7F86B1FA3}.DebugGame Editor|Win64.ActiveCfg = Development|Any CPU
		{D426346B-2C88-325C-A9F3-40B7F86B1FA3}.DebugGame Editor|Win64.Build.0 = Development|Any CPU
		{D426346B-2C88-325C-A9F3-40B7F86B1FA3}.DebugGame|Win64.ActiveCfg = Development|Any CPU
		{D426346B-2C88-325C-A9F3-40B7F86B1FA3}.DebugGame|Win64.Build.0 = Development|Any CPU
		{D426346B-2C88-325C-A9F3-40B7F86B1FA3}.Development Editor|Win64.ActiveCfg = Development|Any CPU
		{D426346B-2C88-325C-A9F3-40B7F86B1FA3}.Development Editor|Win64.Build.0 = Development|Any CPU
		{D426346B-2C88-325C-A9F3-40B7F86B1FA3}.Development|Win64.ActiveCfg = Development|Any CPU
		{D426346B-2C88-325C-A9F3-40B7F86B1FA3}.Development|Win64.Build.0 = Development|Any CPU
		{D426346B-2C88-325C-A9F3-40B7F86B1FA3}.Shipping|Win64.ActiveCfg = Development|Any CPU
		{D426346B-2C88-325C-A9F3-40B7F86B1FA3}.Shipping|Win64.Build.0 = Development|Any CPU
		{1E0E64A8-16AB-3415-9A3D-E4BE1BB7B5C9}.DebugGame Editor|Win64.ActiveCfg = Development|Any CPU
		{1E0E64A8-16AB-3415-9A3D-E4BE1BB7B5C9}.DebugGame Editor|Win64.Build.0 = Development|Any CPU
		{1E0E64A8-16AB-3415-9A3D-E4BE1BB7B5C9}.DebugGame|Win64.ActiveCfg = Development|Any CPU
		{1E0E64A8-16AB-3415-9A3D-E4BE1BB7B5C9}.DebugGame|Win64.Build.0 = Development|Any CPU
		{1E0E64A8-16AB-3415-9A3D-E4BE1BB7B5C9}.Development Editor|Win64.ActiveCfg = Development|Any CPU
		{1E0E64A8-16AB-3415-9A3D-E4BE1BB7B5C9}.Development Editor|Win64.Build.0 = Development|Any CPU
		{1E0E64A8-16AB-3415-9A3D-E4BE1BB7B5C9}.Development|Win64.ActiveCfg = Development|Any CPU
		{1E0E64A8-16AB-3415-9A3D-E4BE1BB7B5C9}.Development|Win64.Build.0 = Development|Any CPU
		{1E0E64A8-16AB-3415-9A3D-E4BE1BB7B5C9}.Shipping|Win64.ActiveCfg = Development|Any CPU
		{1E0E64A8-16AB-3415-9A3D-E4BE1BB7B5C9}.Shipping|Win64.Build.0 = Development|Any CPU
		{60185E5E-5A6F-309F-8824-FE3F1F915236}.DebugGame Editor|Win64.ActiveCfg = Development|Any CPU
		{60185E5E-5A6F-309F-8824-FE3F1F915236}.DebugGame Editor|Win64.Build.0 = Development|Any CPU
		{60185E5E-5A6F-309F-8824-FE3F1F915236}.DebugGame|Win64.ActiveCfg = Development|Any CPU
		{60185E5E-5A6F-309F-8824-FE3F1F915236}.DebugGame|Win64.Build.0 = Development|Any CPU
		{60185E5E-5A6F-309F-8824-FE3F1F915236}.Development Editor|Win64.ActiveCfg = Development|Any CPU
		{60185E5E-5A6F-309F-8824-FE3F1F915236}.Development Editor|Win64.Build.0 = Development|Any CPU
		{60185E5E-5A6F-309F-8824-FE3F1F915236}.Development|Win64.ActiveCfg = Development|Any CPU
		{60185E5E-5A6F-309F-8824-FE3F1F915236}.Development|Win64.Build.0 = Development|Any CPU
		{60185E5E-5A6F-309F-8824-FE3F1F915236}.Shipping|Win64.ActiveCfg = Development|Any CPU
		{60185E5E-5A6F-309F-8824-FE3F1F915236}.Shipping|Win64.Build.0 = Development|Any CPU
		{E4A199BF-1C20-3109-B9E8-AD6ED2F239C9}.DebugGame Editor|Win64.ActiveCfg = Development|Any CPU
		{E4A199BF-1C20-3109-B9E8-AD6ED2F239C9}.DebugGame Editor|Win64.Build.0 = Development|Any CPU
		{E4A199BF-1C20-3109-B9E8-AD6ED2F239C9}.DebugGame|Win64.ActiveCfg = Development|Any CPU
		{E4A199BF-1C20-3109-B9E8-AD6ED2F239C9}.DebugGame|Win64.Build.0 = Development|Any CPU
		{E4A199BF-1C20-3109-B9E8-AD6ED2F239C9}.Development Editor|Win64.ActiveCfg = Development|Any CPU
		{E4A199BF-1C20-3109-B9E8-AD6ED2F239C9}.Development Editor|Win64.Build.0 = Development|Any CPU
		{E4A199BF-1C20-3109-B9E8-AD6ED2F239C9}.Development|Win64.ActiveCfg = Development|Any CPU
		{E4A199BF-1C20-3109-B9E8-AD6ED2F239C9}.Development|Win64.Build.0 = Development|Any CPU
		{E4A199BF-1C20-3109-B9E8-AD6ED2F239C9}.Shipping|Win64.ActiveCfg = Development|Any CPU
		{E4A199BF-1C20-3109-B9E8-AD6ED2F239C9}.Shipping|Win64.Build.0 = Development|Any CPU
		{370F89B5-BC8F-3458-ADA7-3BDB6523DD82}.DebugGame Editor|Win64.ActiveCfg = Development|Any CPU
		{370F89B5-BC8F-3458-ADA7-3BDB6523DD82}.DebugGame Editor|Win64.Build.0 = Development|Any CPU
		{370F89B5-BC8F-3458-ADA7-3BDB6523DD82}.DebugGame|Win64.ActiveCfg = Development|Any CPU
		{370F89B5-BC8F-3458-ADA7-3BDB6523DD82}.DebugGame|Win64.Build.0 = Development|Any CPU
		{370F89B5-BC8F-3458-ADA7-3BDB6523DD82}.Development Editor|Win64.ActiveCfg = Development|Any CPU
		{370F89B5-BC8F-3458-ADA7-3BDB6523DD82}.Development Editor|Win64.Build.0 = Development|Any CPU
		{370F89B5-BC8F-3458-ADA7-3BDB6523DD82}.Development|Win64.ActiveCfg = Development|Any CPU
		{370F89B5-BC8F-3458-ADA7-3BDB6523DD82}.Development|Win64.Build.0 = Development|Any CPU
		{370F89B5-BC8F-3458-ADA7-3BDB6523DD82}.Shipping|Win64.ActiveCfg = Development|Any CPU
		{370F89B5-BC8F-3458-ADA7-3BDB6523DD82}.Shipping|Win64.Build.0 = Development|Any CPU
		{521A47D5-F2C4-386A-94AD-AA39DFB4B2B5}.DebugGame Editor|Win64.ActiveCfg = Development|Any CPU
		{521A47D5-F2C4-386A-94AD-AA39DFB4B2B5}.DebugGame Editor|Win64.Build.0 = Development|Any CPU
		{521A47D5-F2C4-386A-94AD-AA39DFB4B2B5}.DebugGame|Win64.ActiveCfg = Development|Any CPU
		{521A47D5-F2C4-386A-94AD-AA39DFB4B2B5}.DebugGame|Win64.Build.0 = Development|Any CPU
		{521A47D5-F2C4-386A-94AD-AA39DFB4B2B5}.Development Editor|Win64.ActiveCfg = Development|Any CPU
		{521A47D5-F2C4-386A-94AD-AA39DFB4B2B5}.Development Editor|Win64.Build.0 = Development|Any CPU
		{521A47D5-F2C4-386A-94AD-AA39DFB4B2B5}.Development|Win64.ActiveCfg = Development|Any CPU
		{521A47D5-F2C4-386A-94AD-AA39DFB4B2B5}.Development|Win64.Build.0 = Development|Any CPU
		{521A47D5-F2C4-386A-94AD-AA39DFB4B2B5}.Shipping|Win64.ActiveCfg = Development|Any CPU
		{521A47D5-F2C4-386A-94AD-AA39DFB4B2B5}.Shipping|Win64.Build.0 = Development|Any CPU
		{60F3A6EC-D881-38F9-8949-BA10BE4BF111}.DebugGame Editor|Win64.ActiveCfg = Development|Any CPU
		{60F3A6EC-D881-38F9-8949-BA10BE4BF111}.DebugGame Editor|Win64.Build.0 = Development|Any CPU
		{60F3A6EC-D881-38F9-8949-BA10BE4BF111}.DebugGame|Win64.ActiveCfg = Development|Any CPU
		{60F3A6EC-D881-38F9-8949-BA10BE4BF111}.DebugGame|Win64.Build.0 = Development|Any CPU
		{60F3A6EC-D881-38F9-8949-BA10BE4BF111}.Development Editor|Win64.ActiveCfg = Development|Any CPU
		{60F3A6EC-D881-38F9-8949-BA10BE4BF111}.Development Editor|Win64.Build.0 = Development|Any CPU
		{60F3A6EC-D881-38F9-8949-BA10BE4BF111}.Development|Win64.ActiveCfg = Development|Any CPU
		{60F3A6EC-D881-38F9-8949-BA10BE4BF111}.Development|Win64.Build.0 = Development|Any CPU
		{60F3A6EC-D881-38F9-8949-BA10BE4BF111}.Shipping|Win64.ActiveCfg = Development|Any CPU
		{60F3A6EC-D881-38F9-8949-BA10BE4BF111}.Shipping|Win64.Build.0 = Development|Any CPU
		{4882A744-9615-3DC2-93BA-48F5B6D78D84}.DebugGame Editor|Win64.ActiveCfg = Development|Any CPU
		{4882A744-9615-3DC2-93BA-48F5B6D78D84}.DebugGame Editor|Win64.Build.0 = Development|Any CPU
		{4882A744-9615-3DC2-93BA-48F5B6D78D84}.DebugGame|Win64.ActiveCfg = Development|Any CPU
		{4882A744-9615-3DC2-93BA-48F5B6D78D84}.DebugGame|Win64.Build.0 = Development|Any CPU
		{4882A744-9615-3DC2-93BA-48F5B6D78D84}.Development Editor|Win64.ActiveCfg = Development|Any CPU
		{4882A744-9615-3DC2-93BA-48F5B6D78D84}.Development Editor|Win64.Build.0 = Development|Any CPU
		{4882A744-9615-3DC2-93BA-48F5B6D78D84}.Development|Win64.ActiveCfg = Development|Any CPU
		{4882A744-9615-3DC2-93BA-48F5B6D78D84}.Development|Win64.Build.0 = Development|Any CPU
		{4882A744-9615-3DC2-93BA-48F5B6D78D84}.Shipping|Win64.ActiveCfg = Development|Any CPU
		{4882A744-9615-3DC2-93BA-48F5B6D78D84}.Shipping|Win64.Build.0 = Development|Any CPU
		{F030CFA6-09D8-3488-8D3E-C28116F18723}.DebugGame Editor|Win64.ActiveCfg = Development|Any CPU
		{F030CFA6-09D8-3488-8D3E-C28116F18723}.DebugGame Editor|Win64.Build.0 = Development|Any CPU
		{F030CFA6-09D8-3488-8D3E-C28116F18723}.DebugGame|Win64.ActiveCfg = Development|Any CPU
		{F030CFA6-09D8-3488-8D3E-C28116F18723}.DebugGame|Win64.Build.0 = Development|Any CPU
		{F030CFA6-09D8-3488-8D3E-C28116F18723}.Development Editor|Win64.ActiveCfg = Development|Any CPU
		{F030CFA6-09D8-3488-8D3E-C28116F18723}.Development Editor|Win64.Build.0 = Development|Any CPU
		{F030CFA6-09D8-3488-8D3E-C28116F18723}.Development|Win64.ActiveCfg = Development|Any CPU
		{F030CFA6-09D8-3488-8D3E-C28116F18723}.Development|Win64.Build.0 = Development|Any CPU
		{F030CFA6-09D8-3488-8D3E-C28116F18723}.Shipping|Win64.ActiveCfg = Development|Any CPU
		{F030CFA6-09D8-3488-8D3E-C28116F18723}.Shipping|Win64.Build.0 = Development|Any CPU
		{2D81F29A-E7C5-3B35-BBD7-58F987DE7E4E}.DebugGame Editor|Win64.ActiveCfg = Development|Any CPU
		{2D81F29A-E7C5-3B35-BBD7-58F987DE7E4E}.DebugGame Editor|Win64.Build.0 = Development|Any CPU
		{2D81F29A-E7C5-3B35-BBD7-58F987DE7E4E}.DebugGame|Win64.ActiveCfg = Development|Any CPU
		{2D81F29A-E7C5-3B35-BBD7-58F987DE7E4E}.DebugGame|Win64.Build.0 = Development|Any CPU
		{2D81F29A-E7C5-3B35-BBD7-58F987DE7E4E}.Development Editor|Win64.ActiveCfg = Development|Any CPU
		{2D81F29A-E7C5-3B35-BBD7-58F987DE7E4E}.Development Editor|Win64.Build.0 = Development|Any CPU
		{2D81F29A-E7C5-3B35-BBD7-58F987DE7E4E}.Development|Win64.ActiveCfg = Development|Any CPU
		{2D81F29A-E7C5-3B35-BBD7-58F987DE7E4E}.Development|Win64.Build.0 = Development|Any CPU
		{2D81F29A-E7C5-3B35-BBD7-58F987DE7E4E}.Shipping|Win64.ActiveCfg = Development|Any CPU
		{2D81F29A-E7C5-3B35-BBD7-58F987DE7E4E}.Shipping|Win64.Build.0 = Development|Any CPU
		{D2ED3BDD-0EBE-37B0-AE99-753642DC13EE}.DebugGame Editor|Win64.ActiveCfg = Development|Any CPU
		{D2ED3BDD-0EBE-37B0-AE99-753642DC13EE}.DebugGame Editor|Win64.Build.0 = Development|Any CPU
		{D2ED3BDD-0EBE-37B0-AE99-753642DC13EE}.DebugGame|Win64.ActiveCfg = Development|Any CPU
		{D2ED3BDD-0EBE-37B0-AE99-753642DC13EE}.DebugGame|Win64.Build.0 = Development|Any CPU
		{D2ED3BDD-0EBE-37B0-AE99-753642DC13EE}.Development Editor|Win64.ActiveCfg = Development|Any CPU
		{D2ED3BDD-0EBE-37B0-AE99-753642DC13EE}.Development Editor|Win64.Build.0 = Development|Any CPU
		{D2ED3BDD-0EBE-37B0-AE99-753642DC13EE}.Development|Win64.ActiveCfg = Development|Any CPU
		{D2ED3BDD-0EBE-37B0-AE99-753642DC13EE}.Development|Win64.Build.0 = Development|Any CPU
		{D2ED3BDD-0EBE-37B0-AE99-753642DC13EE}.Shipping|Win64.ActiveCfg = Development|Any CPU
		{D2ED3BDD-0EBE-37B0-AE99-753642DC13EE}.Shipping|Win64.Build.0 = Development|Any CPU
		{F8333514-FFF4-32E5-AF69-801EDAB2F133}.DebugGame Editor|Win64.ActiveCfg = Development|Any CPU
		{F8333514-FFF4-32E5-AF69-801EDAB2F133}.DebugGame Editor|Win64.Build.0 = Development|Any CPU
		{F8333514-FFF4-32E5-AF69-801EDAB2F133}.DebugGame|Win64.ActiveCfg = Development|Any CPU
		{F8333514-FFF4-32E5-AF69-801EDAB2F133}.DebugGame|Win64.Build.0 = Development|Any CPU
		{F8333514-FFF4-32E5-AF69-801EDAB2F133}.Development Editor|Win64.ActiveCfg = Development|Any CPU
		{F8333514-FFF4-32E5-AF69-801EDAB2F133}.Development Editor|Win64.Build.0 = Development|Any CPU
		{F8333514-FFF4-32E5-AF69-801EDAB2F133}.Development|Win64.ActiveCfg = Development|Any CPU
		{F8333514-FFF4-32E5-AF69-801EDAB2F133}.Development|Win64.Build.0 = Development|Any CPU
		{F8333514-FFF4-32E5-AF69-801EDAB2F133}.Shipping|Win64.ActiveCfg = Development|Any CPU
		{F8333514-FFF4-32E5-AF69-801EDAB2F133}.Shipping|Win64.Build.0 = Development|Any CPU
		{B97A97B0-8643-3D2D-9155-947944D0E77A}.DebugGame Editor|Win64.ActiveCfg = Development|Any CPU
		{B97A97B0-8643-3D2D-9155-947944D0E77A}.DebugGame Editor|Win64.Build.0 = Development|Any CPU
		{B97A97B0-8643-3D2D-9155-947944D0E77A}.DebugGame|Win64.ActiveCfg = Development|Any CPU
		{B97A97B0-8643-3D2D-9155-947944D0E77A}.DebugGame|Win64.Build.0 = Development|Any CPU
		{B97A97B0-8643-3D2D-9155-947944D0E77A}.Development Editor|Win64.ActiveCfg = Development|Any CPU
		{B97A97B0-8643-3D2D-9155-947944D0E77A}.Development Editor|Win64.Build.0 = Development|Any CPU
		{B97A97B0-8643-3D2D-9155-947944D0E77A}.Development|Win64.ActiveCfg = Development|Any CPU
		{B97A97B0-8643-3D2D-9155-947944D0E77A}.Development|Win64.Build.0 = Development|Any CPU
		{B97A97B0-8643-3D2D-9155-947944D0E77A}.Shipping|Win64.ActiveCfg = Development|Any CPU
		{B97A97B0-8643-3D2D-9155-947944D0E77A}.Shipping|Win64.Build.0 = Development|Any CPU
		{84B1F0D6-819E-30F9-8B6E-2EF225B1DCD8}.DebugGame Editor|Win64.ActiveCfg = Development|Any CPU
		{84B1F0D6-819E-30F9-8B6E-2EF225B1DCD8}.DebugGame Editor|Win64.Build.0 = Development|Any CPU
		{84B1F0D6-819E-30F9-8B6E-2EF225B1DCD8}.DebugGame|Win64.ActiveCfg = Development|Any CPU
		{84B1F0D6-819E-30F9-8B6E-2EF225B1DCD8}.DebugGame|Win64.Build.0 = Development|Any CPU
		{84B1F0D6-819E-30F9-8B6E-2EF225B1DCD8}.Development Editor|Win64.ActiveCfg = Development|Any CPU
		{84B1F0D6-819E-30F9-8B6E-2EF225B1DCD8}.Development Editor|Win64.Build.0 = Development|Any CPU
		{84B1F0D6-819E-30F9-8B6E-2EF225B1DCD8}.Development|Win64.ActiveCfg = Development|Any CPU
		{84B1F0D6-819E-30F9-8B6E-2EF225B1DCD8}.Development|Win64.Build.0 = Development|Any CPU
		{84B1F0D6-819E-30F9-8B6E-2EF225B1DCD8}.Shipping|Win64.ActiveCfg = Development|Any CPU
		{84B1F0D6-819E-30F9-8B6E-2EF225B1DCD8}.Shipping|Win64.Build.0 = Development|Any CPU
		{EE91E268-E49F-3652-9437-F6E1D774C1B8}.DebugGame Editor|Win64.ActiveCfg = Development|Any CPU
		{EE91E268-E49F-3652-9437-F6E1D774C1B8}.DebugGame Editor|Win64.Build.0 = Development|Any CPU
		{EE91E268-E49F-3652-9437-F6E1D774C1B8}.DebugGame|Win64.ActiveCfg = Development|Any CPU
		{EE91E268-E49F-3652-9437-F6E1D774C1B8}.DebugGame|Win64.Build.0 = Development|Any CPU
		{EE91E268-E49F-3652-9437-F6E1D774C1B8}.Development Editor|Win64.ActiveCfg = Development|Any CPU
		{EE91E268-E49F-3652-9437-F6E1D774C1B8}.Development Editor|Win64.Build.0 = Development|Any CPU
		{EE91E268-E49F-3652-9437-F6E1D774C1B8}.Development|Win64.ActiveCfg = Development|Any CPU
		{EE91E268-E49F-3652-9437-F6E1D774C1B8}.Development|Win64.Build.0 = Development|Any CPU
		{EE91E268-E49F-3652-9437-F6E1D774C1B8}.Shipping|Win64.ActiveCfg = Development|Any CPU
		{EE91E268-E49F-3652-9437-F6E1D774C1B8}.Shipping|Win64.Build.0 = Development|Any CPU
		{9B03C3E8-1978-36E4-A115-CAADEE20801D}.DebugGame Editor|Win64.ActiveCfg = Development|Any CPU
		{9B03C3E8-1978-36E4-A115-CAADEE20801D}.DebugGame Editor|Win64.Build.0 = Development|Any CPU
		{9B03C3E8-1978-36E4-A115-CAADEE20801D}.DebugGame|Win64.ActiveCfg = Development|Any CPU
		{9B03C3E8-1978-36E4-A115-CAADEE20801D}.DebugGame|Win64.Build.0 = Development|Any CPU
		{9B03C3E8-1978-36E4-A115-CAADEE20801D}.Development Editor|Win64.ActiveCfg = Development|Any CPU
		{9B03C3E8-1978-36E4-A115-CAADEE20801D}.Development Editor|Win64.Build.0 = Development|Any CPU
		{9B03C3E8-1978-36E4-A115-CAADEE20801D}.Development|Win64.ActiveCfg = Development|Any CPU
		{9B03C3E8-1978-36E4-A115-CAADEE20801D}.Development|Win64.Build.0 = Development|Any CPU
		{9B03C3E8-1978-36E4-A115-CAADEE20801D}.Shipping|Win64.ActiveCfg = Development|Any CPU
		{9B03C3E8-1978-36E4-A115-CAADEE20801D}.Shipping|Win64.Build.0 = Development|Any CPU
		{74A822B4-E1ED-37EE-B52D-5D62504C4C3F}.DebugGame Editor|Win64.ActiveCfg = Development|Any CPU
		{74A822B4-E1ED-37EE-B52D-5D62504C4C3F}.DebugGame Editor|Win64.Build.0 = Development|Any CPU
		{74A822B4-E1ED-37EE-B52D-5D62504C4C3F}.DebugGame|Win64.ActiveCfg = Development|Any CPU
		{74A822B4-E1ED-37EE-B52D-5D62504C4C3F}.DebugGame|Win64.Build.0 = Development|Any CPU
		{74A822B4-E1ED-37EE-B52D-5D62504C4C3F}.Development Editor|Win64.ActiveCfg = Development|Any CPU
		{74A822B4-E1ED-37EE-B52D-5D62504C4C3F}.Development Editor|Win64.Build.0 = Development|Any CPU
		{74A822B4-E1ED-37EE-B52D-5D62504C4C3F}.Development|Win64.ActiveCfg = Development|Any CPU
		{74A822B4-E1ED-37EE-B52D-5D62504C4C3F}.Development|Win64.Build.0 = Development|Any CPU
		{74A822B4-E1ED-37EE-B52D-5D62504C4C3F}.Shipping|Win64.ActiveCfg = Development|Any CPU
		{74A822B4-E1ED-37EE-B52D-5D62504C4C3F}.Shipping|Win64.Build.0 = Development|Any CPU
		{004668C9-BB00-33AD-B9DB-EE60AEBD6384}.DebugGame Editor|Win64.ActiveCfg = Development|Any CPU
		{004668C9-BB00-33AD-B9DB-EE60AEBD6384}.DebugGame Editor|Win64.Build.0 = Development|Any CPU
		{004668C9-BB00-33AD-B9DB-EE60AEBD6384}.DebugGame|Win64.ActiveCfg = Development|Any CPU
		{004668C9-BB00-33AD-B9DB-EE60AEBD6384}.DebugGame|Win64.Build.0 = Development|Any CPU
		{004668C9-BB00-33AD-B9DB-EE60AEBD6384}.Development Editor|Win64.ActiveCfg = Development|Any CPU
		{004668C9-BB00-33AD-B9DB-EE60AEBD6384}.Development Editor|Win64.Build.0 = Development|Any CPU
		{004668C9-BB00-33AD-B9DB-EE60AEBD6384}.Development|Win64.ActiveCfg = Development|Any CPU
		{004668C9-BB00-33AD-B9DB-EE60AEBD6384}.Development|Win64.Build.0 = Development|Any CPU
		{004668C9-BB00-33AD-B9DB-EE60AEBD6384}.Shipping|Win64.ActiveCfg = Development|Any CPU
		{004668C9-BB00-33AD-B9DB-EE60AEBD6384}.Shipping|Win64.Build.0 = Development|Any CPU
		{D19B928B-F70F-30EF-92A1-3046197DC718}.DebugGame Editor|Win64.ActiveCfg = Development|Any CPU
		{D19B928B-F70F-30EF-92A1-3046197DC718}.DebugGame Editor|Win64.Build.0 = Development|Any CPU
		{D19B928B-F70F-30EF-92A1-3046197DC718}.DebugGame|Win64.ActiveCfg = Development|Any CPU
		{D19B928B-F70F-30EF-92A1-3046197DC718}.DebugGame|Win64.Build.0 = Development|Any CPU
		{D19B928B-F70F-30EF-92A1-3046197DC718}.Development Editor|Win64.ActiveCfg = Development|Any CPU
		{D19B928B-F70F-30EF-92A1-3046197DC718}.Development Editor|Win64.Build.0 = Development|Any CPU
		{D19B928B-F70F-30EF-92A1-3046197DC718}.Development|Win64.ActiveCfg = Development|Any CPU
		{D19B928B-F70F-30EF-92A1-3046197DC718}.Development|Win64.Build.0 = Development|Any CPU
		{D19B928B-F70F-30EF-92A1-3046197DC718}.Shipping|Win64.ActiveCfg = Development|Any CPU
		{D19B928B-F70F-30EF-92A1-3046197DC718}.Shipping|Win64.Build.0 = Development|Any CPU
		{8D145BBB-53A6-3B2B-BB28-A2B05C10B23E}.DebugGame Editor|Win64.ActiveCfg = Development|Any CPU
		{8D145BBB-53A6-3B2B-BB28-A2B05C10B23E}.DebugGame Editor|Win64.Build.0 = Development|Any CPU
		{8D145BBB-53A6-3B2B-BB28-A2B05C10B23E}.DebugGame|Win64.ActiveCfg = Development|Any CPU
		{8D145BBB-53A6-3B2B-BB28-A2B05C10B23E}.DebugGame|Win64.Build.0 = Development|Any CPU
		{8D145BBB-53A6-3B2B-BB28-A2B05C10B23E}.Development Editor|Win64.ActiveCfg = Development|Any CPU
		{8D145BBB-53A6-3B2B-BB28-A2B05C10B23E}.Development Editor|Win64.Build.0 = Development|Any CPU
		{8D145BBB-53A6-3B2B-BB28-A2B05C10B23E}.Development|Win64.ActiveCfg = Development|Any CPU
		{8D145BBB-53A6-3B2B-BB28-A2B05C10B23E}.Development|Win64.Build.0 = Development|Any CPU
		{8D145BBB-53A6-3B2B-BB28-A2B05C10B23E}.Shipping|Win64.ActiveCfg = Development|Any CPU
		{8D145BBB-53A6-3B2B-BB28-A2B05C10B23E}.Shipping|Win64.Build.0 = Development|Any CPU
		{B87ABBF9-126D-34ED-852B-CF22FEA6FD4A}.DebugGame Editor|Win64.ActiveCfg = Development|Any CPU
		{B87ABBF9-126D-34ED-852B-CF22FEA6FD4A}.DebugGame Editor|Win64.Build.0 = Development|Any CPU
		{B87ABBF9-126D-34ED-852B-CF22FEA6FD4A}.DebugGame|Win64.ActiveCfg = Development|Any CPU
		{B87ABBF9-126D-34ED-852B-CF22FEA6FD4A}.DebugGame|Win64.Build.0 = Development|Any CPU
		{B87ABBF9-126D-34ED-852B-CF22FEA6FD4A}.Development Editor|Win64.ActiveCfg = Development|Any CPU
		{B87ABBF9-126D-34ED-852B-CF22FEA6FD4A}.Development Editor|Win64.Build.0 = Development|Any CPU
		{B87ABBF9-126D-34ED-852B-CF22FEA6FD4A}.Development|Win64.ActiveCfg = Development|Any CPU
		{B87ABBF9-126D-34ED-852B-CF22FEA6FD4A}.Development|Win64.Build.0 = Development|Any CPU
		{B87ABBF9-126D-34ED-852B-CF22FEA6FD4A}.Shipping|Win64.ActiveCfg = Development|Any CPU
		{B87ABBF9-126D-34ED-852B-CF22FEA6FD4A}.Shipping|Win64.Build.0 = Development|Any CPU
		{96648375-2724-3756-9B2C-2F480A7F1925}.DebugGame Editor|Win64.ActiveCfg = Development|Any CPU
		{96648375-2724-3756-9B2C-2F480A7F1925}.DebugGame Editor|Win64.Build.0 = Development|Any CPU
		{96648375-2724-3756-9B2C-2F480A7F1925}.DebugGame|Win64.ActiveCfg = Development|Any CPU
		{96648375-2724-3756-9B2C-2F480A7F1925}.DebugGame|Win64.Build.0 = Development|Any CPU
		{96648375-2724-3756-9B2C-2F480A7F1925}.Development Editor|Win64.ActiveCfg = Development|Any CPU
		{96648375-2724-3756-9B2C-2F480A7F1925}.Development Editor|Win64.Build.0 = Development|Any CPU
		{96648375-2724-3756-9B2C-2F480A7F1925}.Development|Win64.ActiveCfg = Development|Any CPU
		{96648375-2724-3756-9B2C-2F480A7F1925}.Development|Win64.Build.0 = Development|Any CPU
		{96648375-2724-3756-9B2C-2F480A7F1925}.Shipping|Win64.ActiveCfg = Development|Any CPU
		{96648375-2724-3756-9B2C-2F480A7F1925}.Shipping|Win64.Build.0 = Development|Any CPU
		{C3C8C3F6-D279-3C8B-A420-89D25CC25781}.DebugGame Editor|Win64.ActiveCfg = Development|Any CPU
		{C3C8C3F6-D279-3C8B-A420-89D25CC25781}.DebugGame Editor|Win64.Build.0 = Development|Any CPU
		{C3C8C3F6-D279-3C8B-A420-89D25CC25781}.DebugGame|Win64.ActiveCfg = Development|Any CPU
		{C3C8C3F6-D279-3C8B-A420-89D25CC25781}.DebugGame|Win64.Build.0 = Development|Any CPU
		{C3C8C3F6-D279-3C8B-A420-89D25CC25781}.Development Editor|Win64.ActiveCfg = Development|Any CPU
		{C3C8C3F6-D279-3C8B-A420-89D25CC25781}.Development Editor|Win64.Build.0 = Development|Any CPU
		{C3C8C3F6-D279-3C8B-A420-89D25CC25781}.Development|Win64.ActiveCfg = Development|Any CPU
		{C3C8C3F6-D279-3C8B-A420-89D25CC25781}.Development|Win64.Build.0 = Development|Any CPU
		{C3C8C3F6-D279-3C8B-A420-89D25CC25781}.Shipping|Win64.ActiveCfg = Development|Any CPU
		{C3C8C3F6-D279-3C8B-A420-89D25CC25781}.Shipping|Win64.Build.0 = Development|Any CPU
		{57DC857F-8C6B-3BFC-80F9-E1B7E5EF5E5F}.DebugGame Editor|Win64.ActiveCfg = Development|Any CPU
		{57DC857F-8C6B-3BFC-80F9-E1B7E5EF5E5F}.DebugGame Editor|Win64.Build.0 = Development|Any CPU
		{57DC857F-8C6B-3BFC-80F9-E1B7E5EF5E5F}.DebugGame|Win64.ActiveCfg = Development|Any CPU
		{57DC857F-8C6B-3BFC-80F9-E1B7E5EF5E5F}.DebugGame|Win64.Build.0 = Development|Any CPU
		{57DC857F-8C6B-3BFC-80F9-E1B7E5EF5E5F}.Development Editor|Win64.ActiveCfg = Development|Any CPU
		{57DC857F-8C6B-3BFC-80F9-E1B7E5EF5E5F}.Development Editor|Win64.Build.0 = Development|Any CPU
		{57DC857F-8C6B-3BFC-80F9-E1B7E5EF5E5F}.Development|Win64.ActiveCfg = Development|Any CPU
		{57DC857F-8C6B-3BFC-80F9-E1B7E5EF5E5F}.Development|Win64.Build.0 = Development|Any CPU
		{57DC857F-8C6B-3BFC-80F9-E1B7E5EF5E5F}.Shipping|Win64.ActiveCfg = Development|Any CPU
		{57DC857F-8C6B-3BFC-80F9-E1B7E5EF5E5F}.Shipping|Win64.Build.0 = Development|Any CPU
		{348B6679-A7CE-3E54-B7FA-B75C4C320CD7}.DebugGame Editor|Win64.ActiveCfg = Development|Any CPU
		{348B6679-A7CE-3E54-B7FA-B75C4C320CD7}.DebugGame Editor|Win64.Build.0 = Development|Any CPU
		{348B6679-A7CE-3E54-B7FA-B75C4C320CD7}.DebugGame|Win64.ActiveCfg = Development|Any CPU
		{348B6679-A7CE-3E54-B7FA-B75C4C320CD7}.DebugGame|Win64.Build.0 = Development|Any CPU
		{348B6679-A7CE-3E54-B7FA-B75C4C320CD7}.Development Editor|Win64.ActiveCfg = Development|Any CPU
		{348B6679-A7CE-3E54-B7FA-B75C4C320CD7}.Development Editor|Win64.Build.0 = Development|Any CPU
		{348B6679-A7CE-3E54-B7FA-B75C4C320CD7}.Development|Win64.ActiveCfg = Development|Any CPU
		{348B6679-A7CE-3E54-B7FA-B75C4C320CD7}.Development|Win64.Build.0 = Development|Any CPU
		{348B6679-A7CE-3E54-B7FA-B75C4C320CD7}.Shipping|Win64.ActiveCfg = Development|Any CPU
		{348B6679-A7CE-3E54-B7FA-B75C4C320CD7}.Shipping|Win64.Build.0 = Development|Any CPU
		{89DDB577-0B43-3BF9-A102-7E23DF1E3748}.DebugGame Editor|Win64.ActiveCfg = Development|Any CPU
		{89DDB577-0B43-3BF9-A102-7E23DF1E3748}.DebugGame Editor|Win64.Build.0 = Development|Any CPU
		{89DDB577-0B43-3BF9-A102-7E23DF1E3748}.DebugGame|Win64.ActiveCfg = Development|Any CPU
		{89DDB577-0B43-3BF9-A102-7E23DF1E3748}.DebugGame|Win64.Build.0 = Development|Any CPU
		{89DDB577-0B43-3BF9-A102-7E23DF1E3748}.Development Editor|Win64.ActiveCfg = Development|Any CPU
		{89DDB577-0B43-3BF9-A102-7E23DF1E3748}.Development Editor|Win64.Build.0 = Development|Any CPU
		{89DDB577-0B43-3BF9-A102-7E23DF1E3748}.Development|Win64.ActiveCfg = Development|Any CPU
		{89DDB577-0B43-3BF9-A102-7E23DF1E3748}.Development|Win64.Build.0 = Development|Any CPU
		{89DDB577-0B43-3BF9-A102-7E23DF1E3748}.Shipping|Win64.ActiveCfg = Development|Any CPU
		{89DDB577-0B43-3BF9-A102-7E23DF1E3748}.Shipping|Win64.Build.0 = Development|Any CPU
		{5641443F-B7E8-3402-BB20-30EA95DB73BF}.DebugGame Editor|Win64.ActiveCfg = Development|Any CPU
		{5641443F-B7E8-3402-BB20-30EA95DB73BF}.DebugGame Editor|Win64.Build.0 = Development|Any CPU
		{5641443F-B7E8-3402-BB20-30EA95DB73BF}.DebugGame|Win64.ActiveCfg = Development|Any CPU
		{5641443F-B7E8-3402-BB20-30EA95DB73BF}.DebugGame|Win64.Build.0 = Development|Any CPU
		{5641443F-B7E8-3402-BB20-30EA95DB73BF}.Development Editor|Win64.ActiveCfg = Development|Any CPU
		{5641443F-B7E8-3402-BB20-30EA95DB73BF}.Development Editor|Win64.Build.0 = Development|Any CPU
		{5641443F-B7E8-3402-BB20-30EA95DB73BF}.Development|Win64.ActiveCfg = Development|Any CPU
		{5641443F-B7E8-3402-BB20-30EA95DB73BF}.Development|Win64.Build.0 = Development|Any CPU
		{5641443F-B7E8-3402-BB20-30EA95DB73BF}.Shipping|Win64.ActiveCfg = Development|Any CPU
		{5641443F-B7E8-3402-BB20-30EA95DB73BF}.Shipping|Win64.Build.0 = Development|Any CPU
		{5EBA75AB-CADF-3F64-B4F3-88BB1CA736E4}.DebugGame Editor|Win64.ActiveCfg = Development|Any CPU
		{5EBA75AB-CADF-3F64-B4F3-88BB1CA736E4}.DebugGame Editor|Win64.Build.0 = Development|Any CPU
		{5EBA75AB-CADF-3F64-B4F3-88BB1CA736E4}.DebugGame|Win64.ActiveCfg = Development|Any CPU
		{5EBA75AB-CADF-3F64-B4F3-88BB1CA736E4}.DebugGame|Win64.Build.0 = Development|Any CPU
		{5EBA75AB-CADF-3F64-B4F3-88BB1CA736E4}.Development Editor|Win64.ActiveCfg = Development|Any CPU
		{5EBA75AB-CADF-3F64-B4F3-88BB1CA736E4}.Development Editor|Win64.Build.0 = Development|Any CPU
		{5EBA75AB-CADF-3F64-B4F3-88BB1CA736E4}.Development|Win64.ActiveCfg = Development|Any CPU
		{5EBA75AB-CADF-3F64-B4F3-88BB1CA736E4}.Development|Win64.Build.0 = Development|Any CPU
		{5EBA75AB-CADF-3F64-B4F3-88BB1CA736E4}.Shipping|Win64.ActiveCfg = Development|Any CPU
		{5EBA75AB-CADF-3F64-B4F3-88BB1CA736E4}.Shipping|Win64.Build.0 = Development|Any CPU
		{3188FE4C-3173-3347-9730-152994D518B8}.DebugGame Editor|Win64.ActiveCfg = Development|Any CPU
		{3188FE4C-3173-3347-9730-152994D518B8}.DebugGame Editor|Win64.Build.0 = Development|Any CPU
		{3188FE4C-3173-3347-9730-152994D518B8}.DebugGame|Win64.ActiveCfg = Development|Any CPU
		{3188FE4C-3173-3347-9730-152994D518B8}.DebugGame|Win64.Build.0 = Development|Any CPU
		{3188FE4C-3173-3347-9730-152994D518B8}.Development Editor|Win64.ActiveCfg = Development|Any CPU
		{3188FE4C-3173-3347-9730-152994D518B8}.Development Editor|Win64.Build.0 = Development|Any CPU
		{3188FE4C-3173-3347-9730-152994D518B8}.Development|Win64.ActiveCfg = Development|Any CPU
		{3188FE4C-3173-3347-9730-152994D518B8}.Development|Win64.Build.0 = Development|Any CPU
		{3188FE4C-3173-3347-9730-152994D518B8}.Shipping|Win64.ActiveCfg = Development|Any CPU
		{3188FE4C-3173-3347-9730-152994D518B8}.Shipping|Win64.Build.0 = Development|Any CPU
		{248E49E6-1A56-3F76-9F13-C04678AA2736}.DebugGame Editor|Win64.ActiveCfg = Development|Any CPU
		{248E49E6-1A56-3F76-9F13-C04678AA2736}.DebugGame Editor|Win64.Build.0 = Development|Any CPU
		{248E49E6-1A56-3F76-9F13-C04678AA2736}.DebugGame|Win64.ActiveCfg = Development|Any CPU
		{248E49E6-1A56-3F76-9F13-C04678AA2736}.DebugGame|Win64.Build.0 = Development|Any CPU
		{248E49E6-1A56-3F76-9F13-C04678AA2736}.Development Editor|Win64.ActiveCfg = Development|Any CPU
		{248E49E6-1A56-3F76-9F13-C04678AA2736}.Development Editor|Win64.Build.0 = Development|Any CPU
		{248E49E6-1A56-3F76-9F13-C04678AA2736}.Development|Win64.ActiveCfg = Development|Any CPU
		{248E49E6-1A56-3F76-9F13-C04678AA2736}.Development|Win64.Build.0 = Development|Any CPU
		{248E49E6-1A56-3F76-9F13-C04678AA2736}.Shipping|Win64.ActiveCfg = Development|Any CPU
		{248E49E6-1A56-3F76-9F13-C04678AA2736}.Shipping|Win64.Build.0 = Development|Any CPU
		{C0B31940-0A65-3EA5-AC90-C1E3E9ACC8EE}.DebugGame Editor|Win64.ActiveCfg = Development|Any CPU
		{C0B31940-0A65-3EA5-AC90-C1E3E9ACC8EE}.DebugGame Editor|Win64.Build.0 = Development|Any CPU
		{C0B31940-0A65-3EA5-AC90-C1E3E9ACC8EE}.DebugGame|Win64.ActiveCfg = Development|Any CPU
		{C0B31940-0A65-3EA5-AC90-C1E3E9ACC8EE}.DebugGame|Win64.Build.0 = Development|Any CPU
		{C0B31940-0A65-3EA5-AC90-C1E3E9ACC8EE}.Development Editor|Win64.ActiveCfg = Development|Any CPU
		{C0B31940-0A65-3EA5-AC90-C1E3E9ACC8EE}.Development Editor|Win64.Build.0 = Development|Any CPU
		{C0B31940-0A65-3EA5-AC90-C1E3E9ACC8EE}.Development|Win64.ActiveCfg = Development|Any CPU
		{C0B31940-0A65-3EA5-AC90-C1E3E9ACC8EE}.Development|Win64.Build.0 = Development|Any CPU
		{C0B31940-0A65-3EA5-AC90-C1E3E9ACC8EE}.Shipping|Win64.ActiveCfg = Development|Any CPU
		{C0B31940-0A65-3EA5-AC90-C1E3E9ACC8EE}.Shipping|Win64.Build.0 = Development|Any CPU
		{A59129D6-80A3-3F0E-8385-7D974E505639}.DebugGame Editor|Win64.ActiveCfg = Development|Any CPU
		{A59129D6-80A3-3F0E-8385-7D974E505639}.DebugGame Editor|Win64.Build.0 = Development|Any CPU
		{A59129D6-80A3-3F0E-8385-7D974E505639}.DebugGame|Win64.ActiveCfg = Development|Any CPU
		{A59129D6-80A3-3F0E-8385-7D974E505639}.DebugGame|Win64.Build.0 = Development|Any CPU
		{A59129D6-80A3-3F0E-8385-7D974E505639}.Development Editor|Win64.ActiveCfg = Development|Any CPU
		{A59129D6-80A3-3F0E-8385-7D974E505639}.Development Editor|Win64.Build.0 = Development|Any CPU
		{A59129D6-80A3-3F0E-8385-7D974E505639}.Development|Win64.ActiveCfg = Development|Any CPU
		{A59129D6-80A3-3F0E-8385-7D974E505639}.Development|Win64.Build.0 = Development|Any CPU
		{A59129D6-80A3-3F0E-8385-7D974E505639}.Shipping|Win64.ActiveCfg = Development|Any CPU
		{A59129D6-80A3-3F0E-8385-7D974E505639}.Shipping|Win64.Build.0 = Development|Any CPU
		{2E54A7F8-B4C7-3DD8-AD9A-67E04040ADA0}.DebugGame Editor|Win64.ActiveCfg = Development|Any CPU
		{2E54A7F8-B4C7-3DD8-AD9A-67E04040ADA0}.DebugGame Editor|Win64.Build.0 = Development|Any CPU
		{2E54A7F8-B4C7-3DD8-AD9A-67E04040ADA0}.DebugGame|Win64.ActiveCfg = Development|Any CPU
		{2E54A7F8-B4C7-3DD8-AD9A-67E04040ADA0}.DebugGame|Win64.Build.0 = Development|Any CPU
		{2E54A7F8-B4C7-3DD8-AD9A-67E04040ADA0}.Development Editor|Win64.ActiveCfg = Development|Any CPU
		{2E54A7F8-B4C7-3DD8-AD9A-67E04040ADA0}.Development Editor|Win64.Build.0 = Development|Any CPU
		{2E54A7F8-B4C7-3DD8-AD9A-67E04040ADA0}.Development|Win64.ActiveCfg = Development|Any CPU
		{2E54A7F8-B4C7-3DD8-AD9A-67E04040ADA0}.Development|Win64.Build.0 = Development|Any CPU
		{2E54A7F8-B4C7-3DD8-AD9A-67E04040ADA0}.Shipping|Win64.ActiveCfg = Development|Any CPU
		{2E54A7F8-B4C7-3DD8-AD9A-67E04040ADA0}.Shipping|Win64.Build.0 = Development|Any CPU
		{0D77972B-6758-3BB2-80FC-48E51B11A43F}.DebugGame Editor|Win64.ActiveCfg = Development|Any CPU
		{0D77972B-6758-3BB2-80FC-48E51B11A43F}.DebugGame Editor|Win64.Build.0 = Development|Any CPU
		{0D77972B-6758-3BB2-80FC-48E51B11A43F}.DebugGame|Win64.ActiveCfg = Development|Any CPU
		{0D77972B-6758-3BB2-80FC-48E51B11A43F}.DebugGame|Win64.Build.0 = Development|Any CPU
		{0D77972B-6758-3BB2-80FC-48E51B11A43F}.Development Editor|Win64.ActiveCfg = Development|Any CPU
		{0D77972B-6758-3BB2-80FC-48E51B11A43F}.Development Editor|Win64.Build.0 = Development|Any CPU
		{0D77972B-6758-3BB2-80FC-48E51B11A43F}.Development|Win64.ActiveCfg = Development|Any CPU
		{0D77972B-6758-3BB2-80FC-48E51B11A43F}.Development|Win64.Build.0 = Development|Any CPU
		{0D77972B-6758-3BB2-80FC-48E51B11A43F}.Shipping|Win64.ActiveCfg = Development|Any CPU
		{0D77972B-6758-3BB2-80FC-48E51B11A43F}.Shipping|Win64.Build.0 = Development|Any CPU
	EndGlobalSection
	GlobalSection(SolutionProperties) = preSolution
		HideSolutionNode = FALSE
	EndGlobalSection
	GlobalSection(NestedProjects) = preSolution
		{A37E8B86-0692-3383-A5C9-9E0C71252C8E} = {233774A8-CC9D-3FA9-86D1-90573E92B704}
		{D00F0A75-DDBB-30B3-A8FF-F03E64C133D0} = {DE1F8B53-6C02-3C13-9101-A7C8D96F3FF6}
		{A6C25F74-E2DF-392C-9C27-8ED8A64821D5} = {DE1F8B53-6C02-3C13-9101-A7C8D96F3FF6}
		{2D81F29A-E7C5-3B35-BBD7-58F987DE7E4E} = {A6C25F74-E2DF-392C-9C27-8ED8A64821D5}
		{7DBCEB3C-AB9A-3606-8B73-148D4903D035} = {A338B9E2-A559-34BE-A46D-F789DD488FAD}
		{2B119BBD-35B5-3A6A-984E-38F8481F8A6C} = {A338B9E2-A559-34BE-A46D-F789DD488FAD}
		{0BFBE63A-B98A-3411-8EEB-8918FEC737B3} = {A338B9E2-A559-34BE-A46D-F789DD488FAD}
		{7B5CFB44-F0FB-31DF-AE62-C3C096A29A7B} = {A338B9E2-A559-34BE-A46D-F789DD488FAD}
		{57713676-9DBE-331C-AD10-26632AC9EE0C} = {A338B9E2-A559-34BE-A46D-F789DD488FAD}
		{6C26E995-140A-327E-A38F-393F58F5D66C} = {0BFBE63A-B98A-3411-8EEB-8918FEC737B3}
		{2CF16B00-25FE-3502-8C32-8238F6EDE03D} = {0BFBE63A-B98A-3411-8EEB-8918FEC737B3}
		{9A4C0C44-6212-35FF-A372-718AB55EDE3A} = {0BFBE63A-B98A-3411-8EEB-8918FEC737B3}
		{A939C98B-45D0-365F-A80E-0BF6E6BB91B9} = {0BFBE63A-B98A-3411-8EEB-8918FEC737B3}
		{59D8C50D-1D3D-398F-92A5-C44B6B4D3394} = {0BFBE63A-B98A-3411-8EEB-8918FEC737B3}
		{F7DDC61E-BD1F-3EB3-9DD9-98F35CBE054C} = {0BFBE63A-B98A-3411-8EEB-8918FEC737B3}
		{BA91B2F9-B0B9-3A68-B8EA-F75C02BB6BB9} = {0BFBE63A-B98A-3411-8EEB-8918FEC737B3}
		{07BABA0E-1FB3-31BC-B9B6-BBF5DEF6B775} = {0BFBE63A-B98A-3411-8EEB-8918FEC737B3}
		{B90E289D-DC44-3C47-963E-3AEB22DF4DBF} = {0BFBE63A-B98A-3411-8EEB-8918FEC737B3}
		{EFBA6414-93E9-3D0C-A9AE-32EA27F8CDE4} = {0BFBE63A-B98A-3411-8EEB-8918FEC737B3}
		{C230CCDA-36AB-31EC-9CA6-8977ECE819B2} = {0BFBE63A-B98A-3411-8EEB-8918FEC737B3}
		{EA915076-9166-3A45-96B4-DE080D5E67DD} = {0BFBE63A-B98A-3411-8EEB-8918FEC737B3}
		{D426346B-2C88-325C-A9F3-40B7F86B1FA3} = {0BFBE63A-B98A-3411-8EEB-8918FEC737B3}
		{1E0E64A8-16AB-3415-9A3D-E4BE1BB7B5C9} = {0BFBE63A-B98A-3411-8EEB-8918FEC737B3}
		{60185E5E-5A6F-309F-8824-FE3F1F915236} = {0BFBE63A-B98A-3411-8EEB-8918FEC737B3}
		{E4A199BF-1C20-3109-B9E8-AD6ED2F239C9} = {0BFBE63A-B98A-3411-8EEB-8918FEC737B3}
		{370F89B5-BC8F-3458-ADA7-3BDB6523DD82} = {0BFBE63A-B98A-3411-8EEB-8918FEC737B3}
		{521A47D5-F2C4-386A-94AD-AA39DFB4B2B5} = {0BFBE63A-B98A-3411-8EEB-8918FEC737B3}
		{60F3A6EC-D881-38F9-8949-BA10BE4BF111} = {0BFBE63A-B98A-3411-8EEB-8918FEC737B3}
		{4882A744-9615-3DC2-93BA-48F5B6D78D84} = {0BFBE63A-B98A-3411-8EEB-8918FEC737B3}
		{F030CFA6-09D8-3488-8D3E-C28116F18723} = {7B5CFB44-F0FB-31DF-AE62-C3C096A29A7B}
		{D2ED3BDD-0EBE-37B0-AE99-753642DC13EE} = {57713676-9DBE-331C-AD10-26632AC9EE0C}
		{F8333514-FFF4-32E5-AF69-801EDAB2F133} = {57713676-9DBE-331C-AD10-26632AC9EE0C}
		{B97A97B0-8643-3D2D-9155-947944D0E77A} = {57713676-9DBE-331C-AD10-26632AC9EE0C}
		{84B1F0D6-819E-30F9-8B6E-2EF225B1DCD8} = {57713676-9DBE-331C-AD10-26632AC9EE0C}
		{EE91E268-E49F-3652-9437-F6E1D774C1B8} = {57713676-9DBE-331C-AD10-26632AC9EE0C}
		{9B03C3E8-1978-36E4-A115-CAADEE20801D} = {57713676-9DBE-331C-AD10-26632AC9EE0C}
		{74A822B4-E1ED-37EE-B52D-5D62504C4C3F} = {57713676-9DBE-331C-AD10-26632AC9EE0C}
		{004668C9-BB00-33AD-B9DB-EE60AEBD6384} = {57713676-9DBE-331C-AD10-26632AC9EE0C}
		{D19B928B-F70F-30EF-92A1-3046197DC718} = {57713676-9DBE-331C-AD10-26632AC9EE0C}
		{8D145BBB-53A6-3B2B-BB28-A2B05C10B23E} = {57713676-9DBE-331C-AD10-26632AC9EE0C}
		{B87ABBF9-126D-34ED-852B-CF22FEA6FD4A} = {57713676-9DBE-331C-AD10-26632AC9EE0C}
		{96648375-2724-3756-9B2C-2F480A7F1925} = {57713676-9DBE-331C-AD10-26632AC9EE0C}
		{C3C8C3F6-D279-3C8B-A420-89D25CC25781} = {57713676-9DBE-331C-AD10-26632AC9EE0C}
		{57DC857F-8C6B-3BFC-80F9-E1B7E5EF5E5F} = {57713676-9DBE-331C-AD10-26632AC9EE0C}
		{348B6679-A7CE-3E54-B7FA-B75C4C320CD7} = {57713676-9DBE-331C-AD10-26632AC9EE0C}
		{89DDB577-0B43-3BF9-A102-7E23DF1E3748} = {57713676-9DBE-331C-AD10-26632AC9EE0C}
		{5641443F-B7E8-3402-BB20-30EA95DB73BF} = {57713676-9DBE-331C-AD10-26632AC9EE0C}
		{5EBA75AB-CADF-3F64-B4F3-88BB1CA736E4} = {57713676-9DBE-331C-AD10-26632AC9EE0C}
		{3188FE4C-3173-3347-9730-152994D518B8} = {57713676-9DBE-331C-AD10-26632AC9EE0C}
		{248E49E6-1A56-3F76-9F13-C04678AA2736} = {57713676-9DBE-331C-AD10-26632AC9EE0C}
		{C0B31940-0A65-3EA5-AC90-C1E3E9ACC8EE} = {C2F57ECE-B26F-39D8-BDA7-C1D40BD8F180}
		{A59129D6-80A3-3F0E-8385-7D974E505639} = {C2F57ECE-B26F-39D8-BDA7-C1D40BD8F180}
		{2E54A7F8-B4C7-3DD8-AD9A-67E04040ADA0} = {C2F57ECE-B26F-39D8-BDA7-C1D40BD8F180}
		{0D77972B-6758-3BB2-80FC-48E51B11A43F} = {C2F57ECE-B26F-39D8-BDA7-C1D40BD8F180}
	EndGlobalSection
EndGlobal
